
Microsoft Visual Studio Solution File, Format Version 12.00
# Visual Studio Version 16
VisualStudioVersion = 16.0.30503.244
MinimumVisualStudioVersion = 10.0.40219.1
Project("{9A19103F-16F7-4668-BE54-9A1E7A4F7556}") = "Genesis.CLI", "Genesis.CLI.csproj", "{2737CA8B-0BB7-49E9-8C09-F4DA871EBA97}"
EndProject
Project("{9A19103F-16F7-4668-BE54-9A1E7A4F7556}") = "Genesis.Plugin.Base", "..\Genesis.Plugin.Base\Genesis.Plugin.Base.csproj", "{47F5E354-5B89-4078-8FB3-8262A51D34FD}"
EndProject
Project("{9A19103F-16F7-4668-BE54-9A1E7A4F7556}") = "Genesis.Plugin.Core", "..\Genesis.Plugin.Core\Genesis.Plugin.Core.csproj", "{6BB762A8-2C44-4263-9EF2-64F1CC1C862D}"
EndProject
Project("{2150E333-8FDC-42A3-9474-1A3956D46DE8}") = "Standalone", "Standalone", "{A671F5AA-96EB-4BE0-B658-FB06B5D845F7}"
EndProject
Project("{2150E333-8FDC-42A3-9474-1A3956D46DE8}") = "Shared", "Shared", "{A62EACFC-25E0-446D-914F-C80AD393D834}"
EndProject
Project("{2150E333-8FDC-42A3-9474-1A3956D46DE8}") = "Plugins", "Plugins", "{AB61F62D-9AED-4238-A2A1-D43D2C7A27EB}"
EndProject
Project("{9A19103F-16F7-4668-BE54-9A1E7A4F7556}") = "Genesis.Common", "..\Genesis.Unity.Common\Genesis.Common.csproj", "{74C58130-EF35-4AD2-81BE-D58795864376}"
EndProject
Project("{2150E333-8FDC-42A3-9474-1A3956D46DE8}") = "Tests", "Tests", "{6E671859-3E01-4EDC-AFCE-77C7A8946944}"
EndProject
Project("{9A19103F-16F7-4668-BE54-9A1E7A4F7556}") = "Genesis.Plugin.Base.Tests", "..\Genesis.Plugin.Base.Tests\Genesis.Plugin.Base.Tests.csproj", "{50A580FD-7C4F-4732-AE58-66A497ABA479}"
EndProject
Project("{9A19103F-16F7-4668-BE54-9A1E7A4F7556}") = "Genesis.Plugin.Core.Common", "..\Genesis.Plugin.Core.Common\Genesis.Plugin.Core.Common.csproj", "{77E7B7C4-7C15-476A-9974-3E839CAB6BDF}"
EndProject
Global
	GlobalSection(SolutionConfigurationPlatforms) = preSolution
		Debug|Any CPU = Debug|Any CPU
		Release|Any CPU = Release|Any CPU
	EndGlobalSection
	GlobalSection(ProjectConfigurationPlatforms) = postSolution
		{2737CA8B-0BB7-49E9-8C09-F4DA871EBA97}.Debug|Any CPU.ActiveCfg = Debug|Any CPU
		{2737CA8B-0BB7-49E9-8C09-F4DA871EBA97}.Debug|Any CPU.Build.0 = Debug|Any CPU
		{2737CA8B-0BB7-49E9-8C09-F4DA871EBA97}.Release|Any CPU.ActiveCfg = Release|Any CPU
		{2737CA8B-0BB7-49E9-8C09-F4DA871EBA97}.Release|Any CPU.Build.0 = Release|Any CPU
		{47F5E354-5B89-4078-8FB3-8262A51D34FD}.Debug|Any CPU.ActiveCfg = Debug|Any CPU
		{47F5E354-5B89-4078-8FB3-8262A51D34FD}.Debug|Any CPU.Build.0 = Debug|Any CPU
		{47F5E354-5B89-4078-8FB3-8262A51D34FD}.Release|Any CPU.ActiveCfg = Release|Any CPU
		{47F5E354-5B89-4078-8FB3-8262A51D34FD}.Release|Any CPU.Build.0 = Release|Any CPU
		{6BB762A8-2C44-4263-9EF2-64F1CC1C862D}.Debug|Any CPU.ActiveCfg = Debug|Any CPU
		{6BB762A8-2C44-4263-9EF2-64F1CC1C862D}.Debug|Any CPU.Build.0 = Debug|Any CPU
		{6BB762A8-2C44-4263-9EF2-64F1CC1C862D}.Release|Any CPU.ActiveCfg = Release|Any CPU
		{6BB762A8-2C44-4263-9EF2-64F1CC1C862D}.Release|Any CPU.Build.0 = Release|Any CPU
		{74C58130-EF35-4AD2-81BE-D58795864376}.Debug|Any CPU.ActiveCfg = Debug|Any CPU
		{74C58130-EF35-4AD2-81BE-D58795864376}.Debug|Any CPU.Build.0 = Debug|Any CPU
		{74C58130-EF35-4AD2-81BE-D58795864376}.Release|Any CPU.ActiveCfg = Release|Any CPU
		{74C58130-EF35-4AD2-81BE-D58795864376}.Release|Any CPU.Build.0 = Release|Any CPU
		{50A580FD-7C4F-4732-AE58-66A497ABA479}.Debug|Any CPU.ActiveCfg = Debug|Any CPU
		{50A580FD-7C4F-4732-AE58-66A497ABA479}.Debug|Any CPU.Build.0 = Debug|Any CPU
		{50A580FD-7C4F-4732-AE58-66A497ABA479}.Release|Any CPU.ActiveCfg = Release|Any CPU
		{50A580FD-7C4F-4732-AE58-66A497ABA479}.Release|Any CPU.Build.0 = Release|Any CPU
		{77E7B7C4-7C15-476A-9974-3E839CAB6BDF}.Debug|Any CPU.ActiveCfg = Debug|Any CPU
		{77E7B7C4-7C15-476A-9974-3E839CAB6BDF}.Debug|Any CPU.Build.0 = Debug|Any CPU
		{77E7B7C4-7C15-476A-9974-3E839CAB6BDF}.Release|Any CPU.ActiveCfg = Release|Any CPU
		{77E7B7C4-7C15-476A-9974-3E839CAB6BDF}.Release|Any CPU.Build.0 = Release|Any CPU
	EndGlobalSection
	GlobalSection(SolutionProperties) = preSolution
		HideSolutionNode = FALSE
	EndGlobalSection
	GlobalSection(NestedProjects) = preSolution
		{2737CA8B-0BB7-49E9-8C09-F4DA871EBA97} = {A671F5AA-96EB-4BE0-B658-FB06B5D845F7}
		{47F5E354-5B89-4078-8FB3-8262A51D34FD} = {AB61F62D-9AED-4238-A2A1-D43D2C7A27EB}
		{6BB762A8-2C44-4263-9EF2-64F1CC1C862D} = {AB61F62D-9AED-4238-A2A1-D43D2C7A27EB}
		{74C58130-EF35-4AD2-81BE-D58795864376} = {A62EACFC-25E0-446D-914F-C80AD393D834}
		{50A580FD-7C4F-4732-AE58-66A497ABA479} = {6E671859-3E01-4EDC-AFCE-77C7A8946944}
		{77E7B7C4-7C15-476A-9974-3E839CAB6BDF} = {A62EACFC-25E0-446D-914F-C80AD393D834}
	EndGlobalSection
	GlobalSection(ExtensibilityGlobals) = postSolution
		SolutionGuid = {A8EBDC0A-C044-414B-964B-D4F282392792}
	EndGlobalSection
EndGlobal
